
Microsoft Visual Studio Solution File, Format Version 12.00
# Visual Studio 15
VisualStudioVersion = 15.0.28010.2026
MinimumVisualStudioVersion = 10.0.40219.1
Project("{FAE04EC0-301F-11D3-BF4B-00C04F79EFBC}") = "ConsoleApplication", "ConsoleApplication\ConsoleApplication.csproj", "{93E22AD9-9C29-4A53-96C6-F48888A4B688}"
EndProject
Global
	GlobalSection(SolutionConfigurationPlatforms) = preSolution
		Debug|Any CPU = Debug|Any CPU
		Release|Any CPU = Release|Any CPU
	EndGlobalSection
	GlobalSection(ProjectConfigurationPlatforms) = postSolution
		{93E22AD9-9C29-4A53-96C6-F48888A4B688}.Debug|Any CPU.ActiveCfg = Debug|Any CPU
		{93E22AD9-9C29-4A53-96C6-F48888A4B688}.Debug|Any CPU.Build.0 = Debug|Any CPU
		{93E22AD9-9C29-4A53-96C6-F48888A4B688}.Release|Any CPU.ActiveCfg = Release|Any CPU
		{93E22AD9-9C29-4A53-96C6-F48888A4B688}.Release|Any CPU.Build.0 = Release|Any CPU
	EndGlobalSection
	GlobalSection(SolutionProperties) = preSolution
		HideSolutionNode = FALSE
	EndGlobalSection
	GlobalSection(ExtensibilityGlobals) = postSolution
		SolutionGuid = {570685BC-65A4-4602-8F89-435B19392F6D}
	EndGlobalSection
EndGlobal
